
Microsoft Visual Studio Solution File, Format Version 12.00
# Visual Studio Version 16
VisualStudioVersion = 16.0.30225.117
MinimumVisualStudioVersion = 10.0.40219.1
Project("{888888A0-9F3D-457C-B088-3A5042F75D52}") = "Ject", "Ject\Ject.pyproj", "{732FF18F-7B6E-4C3F-8F66-F416E32338FB}"
EndProject
Global
	GlobalSection(SolutionConfigurationPlatforms) = preSolution
		Debug|Any CPU = Debug|Any CPU
		Release|Any CPU = Release|Any CPU
	EndGlobalSection
	GlobalSection(ProjectConfigurationPlatforms) = postSolution
		{732FF18F-7B6E-4C3F-8F66-F416E32338FB}.Debug|Any CPU.ActiveCfg = Debug|Any CPU
		{732FF18F-7B6E-4C3F-8F66-F416E32338FB}.Release|Any CPU.ActiveCfg = Release|Any CPU
	EndGlobalSection
	GlobalSection(SolutionProperties) = preSolution
		HideSolutionNode = FALSE
	EndGlobalSection
	GlobalSection(ExtensibilityGlobals) = postSolution
		SolutionGuid = {9A0392DC-29F0-4222-AE1B-099AB78EE708}
	EndGlobalSection
EndGlobal
